
Microsoft Visual Studio Solution File, Format Version 11.00
# Visual Studio 2010
Project("{8BC9CEB8-8B4A-11D0-8D11-00A0C91BC942}") = "MaxExporter", "MaxExporter\MaxExporter.vcxproj", "{D052FB01-6954-4D15-9705-A916E0D205FE}"
	ProjectSection(ProjectDependencies) = postProject
		{885DB81A-7A3D-49BE-83C6-810934686576} = {885DB81A-7A3D-49BE-83C6-810934686576}
	EndProjectSection
EndProject
Project("{8BC9CEB8-8B4A-11D0-8D11-00A0C91BC942}") = "Xml", "Xml\Xml\Xml.vcxproj", "{885DB81A-7A3D-49BE-83C6-810934686576}"
EndProject
Global
	GlobalSection(SolutionConfigurationPlatforms) = preSolution
		Debug_Static|Win32 = Debug_Static|Win32
		Debug|Win32 = Debug|Win32
		Release|Win32 = Release|Win32
	EndGlobalSection
	GlobalSection(ProjectConfigurationPlatforms) = postSolution
		{D052FB01-6954-4D15-9705-A916E0D205FE}.Debug_Static|Win32.ActiveCfg = Debug|Win32
		{D052FB01-6954-4D15-9705-A916E0D205FE}.Debug_Static|Win32.Build.0 = Debug|Win32
		{D052FB01-6954-4D15-9705-A916E0D205FE}.Debug|Win32.ActiveCfg = Debug|Win32
		{D052FB01-6954-4D15-9705-A916E0D205FE}.Debug|Win32.Build.0 = Debug|Win32
		{D052FB01-6954-4D15-9705-A916E0D205FE}.Release|Win32.ActiveCfg = Release|Win32
		{D052FB01-6954-4D15-9705-A916E0D205FE}.Release|Win32.Build.0 = Release|Win32
		{885DB81A-7A3D-49BE-83C6-810934686576}.Debug_Static|Win32.ActiveCfg = Debug_Static|Win32
		{885DB81A-7A3D-49BE-83C6-810934686576}.Debug_Static|Win32.Build.0 = Debug_Static|Win32
		{885DB81A-7A3D-49BE-83C6-810934686576}.Debug|Win32.ActiveCfg = Debug|Win32
		{885DB81A-7A3D-49BE-83C6-810934686576}.Debug|Win32.Build.0 = Debug|Win32
		{885DB81A-7A3D-49BE-83C6-810934686576}.Release|Win32.ActiveCfg = Release|Win32
		{885DB81A-7A3D-49BE-83C6-810934686576}.Release|Win32.Build.0 = Release|Win32
	EndGlobalSection
	GlobalSection(SolutionProperties) = preSolution
		HideSolutionNode = FALSE
	EndGlobalSection
EndGlobal
